
Microsoft Visual Studio Solution File, Format Version 12.00
# Visual Studio Version 17
VisualStudioVersion = 17.0.31903.59
MinimumVisualStudioVersion = 10.0.40219.1
Project("{2150E333-8FDC-42A3-9474-1A3956D46DE8}") = "src", "src", "{1C79C98D-5E03-432C-B326-1A1BD8C7EB7E}"
EndProject
Project("{2150E333-8FDC-42A3-9474-1A3956D46DE8}") = "Gateway", "Gateway", "{CE762AE2-B9B9-4ED9-99F7-B9BDAE59583B}"
EndProject
Project("{FAE04EC0-301F-11D3-BF4B-00C04F79EFBC}") = "ApiGateway", "src\Gateway\ApiGateway\ApiGateway.csproj", "{12C26DF6-D281-4E16-8E83-3D5D200CACB5}"
EndProject
Project("{2150E333-8FDC-42A3-9474-1A3956D46DE8}") = "Identity", "Identity", "{307A98F6-268F-48CA-A92F-490C403A71CC}"
EndProject
Project("{FAE04EC0-301F-11D3-BF4B-00C04F79EFBC}") = "Identity.Domain", "src\Identity\Identity.Domain\Identity.Domain.csproj", "{A04476C3-15EA-40F5-BA15-8C0943DCBF26}"
EndProject
Project("{FAE04EC0-301F-11D3-BF4B-00C04F79EFBC}") = "Identity.Application", "src\Identity\Identity.Application\Identity.Application.csproj", "{E5546D37-114D-4304-B4D6-1B1C089E76AD}"
EndProject
Project("{FAE04EC0-301F-11D3-BF4B-00C04F79EFBC}") = "Identity.Infrastructure", "src\Identity\Identity.Infrastructure\Identity.Infrastructure.csproj", "{3E8094C6-C604-4AF0-8EDD-201F3260D3D4}"
EndProject
Project("{FAE04EC0-301F-11D3-BF4B-00C04F79EFBC}") = "Identity.Persistence", "src\Identity\Identity.Persistence\Identity.Persistence.csproj", "{662507B7-6A70-4797-84ED-82DB5819E9C7}"
EndProject
Project("{FAE04EC0-301F-11D3-BF4B-00C04F79EFBC}") = "Identity.API", "src\Identity\Identity.API\Identity.API.csproj", "{8F7BE329-4A52-4E9B-9F1D-C4F6E8B3A5D8}"
EndProject
Project("{2150E333-8FDC-42A3-9474-1A3956D46DE8}") = "Services", "Services", "{B8E5A7D2-1C3F-4E8A-9A5B-2C7F8D4E9B1A}"
EndProject
Project("{2150E333-8FDC-42A3-9474-1A3956D46DE8}") = "Catalog", "Catalog", "{C1F2E3D4-5A6B-7C8D-9E0F-1A2B3C4D5E6F}"
EndProject
Project("{FAE04EC0-301F-11D3-BF4B-00C04F79EFBC}") = "Catalog.Domain", "src\Services\Catalog\Catalog.Domain\Catalog.Domain.csproj", "{D7A8B9C0-E1F2-3456-7890-ABCDEF123456}"
EndProject
Project("{FAE04EC0-301F-11D3-BF4B-00C04F79EFBC}") = "Catalog.Application", "src\Services\Catalog\Catalog.Application\Catalog.Application.csproj", "{E2F3D4C5-B6A7-8C9D-0E1F-2A3B4C5D6E7F}"
EndProject
Project("{FAE04EC0-301F-11D3-BF4B-00C04F79EFBC}") = "Catalog.Infrastructure", "src\Services\Catalog\Catalog.Infrastructure\Catalog.Infrastructure.csproj", "{F3E4D5C6-A7B8-9C0D-1E2F-3A4B5C6D7E8F}"
EndProject
Project("{FAE04EC0-301F-11D3-BF4B-00C04F79EFBC}") = "Catalog.Persistence", "src\Services\Catalog\Catalog.Persistence\Catalog.Persistence.csproj", "{A4F5E6D7-B8C9-0D1E-2F3A-4B5C6D7E8F9A}"
EndProject
Project("{FAE04EC0-301F-11D3-BF4B-00C04F79EFBC}") = "Catalog.API", "src\Services\Catalog\Catalog.API\Catalog.API.csproj", "{B5A6F7E8-C9D0-1E2F-3A4B-5C6D7E8F9A0B}"
EndProject
Project("{2150E333-8FDC-42A3-9474-1A3956D46DE8}") = "Orders", "Orders", "{C6B7A8F9-D0E1-2F3A-4B5C-6D7E8F9A0B1C}"
EndProject
Project("{FAE04EC0-301F-11D3-BF4B-00C04F79EFBC}") = "Orders.Domain", "src\Services\Orders\Orders.Domain\Orders.Domain.csproj", "{D7C8B9FA-E1F2-3A4B-5C6D-7E8F9A0B1C2D}"
EndProject
Project("{FAE04EC0-301F-11D3-BF4B-00C04F79EFBC}") = "Orders.Application", "src\Services\Orders\Orders.Application\Orders.Application.csproj", "{E8D9CAFB-F2A3-4B5C-6D7E-8F9A0B1C2D3E}"
EndProject
Project("{FAE04EC0-301F-11D3-BF4B-00C04F79EFBC}") = "Orders.Infrastructure", "src\Services\Orders\Orders.Infrastructure\Orders.Infrastructure.csproj", "{F9EADBFC-A3B4-5C6D-7E8F-9A0B1C2D3E4F}"
EndProject
Project("{FAE04EC0-301F-11D3-BF4B-00C04F79EFBC}") = "Orders.Persistence", "src\Services\Orders\Orders.Persistence\Orders.Persistence.csproj", "{0AFBECFD-B4C5-6D7E-8F9A-0B1C2D3E4F5A}"
EndProject
Project("{FAE04EC0-301F-11D3-BF4B-00C04F79EFBC}") = "Orders.API", "src\Services\Orders\Orders.API\Orders.API.csproj", "{1BFCEDAE-C5D6-7E8F-9A0B-1C2D3E4F5A6B}"
EndProject
Project("{FAE04EC0-301F-11D3-BF4B-00C04F79EFBC}") = "Basket.API", "src\Services\Basket\Basket.API\Basket.API.csproj", "{2CEDFEBF-D6E7-8F9A-0B1C-2D3E4F5A6B7C}"
EndProject
Project("{FAE04EC0-301F-11D3-BF4B-00C04F79EFBC}") = "Payment.API", "src\Services\Payment\Payment.API\Payment.API.csproj", "{3DFEAFC0-E7F8-9A0B-1C2D-3E4F5A6B7C8D}"
EndProject
Project("{FAE04EC0-301F-11D3-BF4B-00C04F79EFBC}") = "Notification.API", "src\Services\Notification\Notification.API\Notification.API.csproj", "{4EAFBFC1-F8A9-0B1C-2D3E-4F5A6B7C8D9E}"
EndProject
Project("{FAE04EC0-301F-11D3-BF4B-00C04F79EFBC}") = "Search.API", "src\Services\Search\Search.API\Search.API.csproj", "{5FB0CAD2-A9B0-1C2D-3E4F-5A6B7C8D9E0F}"
EndProject
Global
	GlobalSection(SolutionConfigurationPlatforms) = preSolution
		Debug|Any CPU = Debug|Any CPU
		Release|Any CPU = Release|Any CPU
	EndGlobalSection
	GlobalSection(SolutionProperties) = preSolution
		HideSolutionNode = FALSE
	EndGlobalSection
	GlobalSection(ProjectConfigurationPlatforms) = postSolution
		{12C26DF6-D281-4E16-8E83-3D5D200CACB5}.Debug|Any CPU.ActiveCfg = Debug|Any CPU
		{12C26DF6-D281-4E16-8E83-3D5D200CACB5}.Debug|Any CPU.Build.0 = Debug|Any CPU
		{12C26DF6-D281-4E16-8E83-3D5D200CACB5}.Release|Any CPU.ActiveCfg = Release|Any CPU
		{12C26DF6-D281-4E16-8E83-3D5D200CACB5}.Release|Any CPU.Build.0 = Release|Any CPU
		{A04476C3-15EA-40F5-BA15-8C0943DCBF26}.Debug|Any CPU.ActiveCfg = Debug|Any CPU
		{A04476C3-15EA-40F5-BA15-8C0943DCBF26}.Debug|Any CPU.Build.0 = Debug|Any CPU
		{A04476C3-15EA-40F5-BA15-8C0943DCBF26}.Release|Any CPU.ActiveCfg = Release|Any CPU
		{A04476C3-15EA-40F5-BA15-8C0943DCBF26}.Release|Any CPU.Build.0 = Release|Any CPU
		{E5546D37-114D-4304-B4D6-1B1C089E76AD}.Debug|Any CPU.ActiveCfg = Debug|Any CPU
		{E5546D37-114D-4304-B4D6-1B1C089E76AD}.Debug|Any CPU.Build.0 = Debug|Any CPU
		{E5546D37-114D-4304-B4D6-1B1C089E76AD}.Release|Any CPU.ActiveCfg = Release|Any CPU
		{E5546D37-114D-4304-B4D6-1B1C089E76AD}.Release|Any CPU.Build.0 = Release|Any CPU
		{3E8094C6-C604-4AF0-8EDD-201F3260D3D4}.Debug|Any CPU.ActiveCfg = Debug|Any CPU
		{3E8094C6-C604-4AF0-8EDD-201F3260D3D4}.Debug|Any CPU.Build.0 = Debug|Any CPU
		{3E8094C6-C604-4AF0-8EDD-201F3260D3D4}.Release|Any CPU.ActiveCfg = Release|Any CPU
		{3E8094C6-C604-4AF0-8EDD-201F3260D3D4}.Release|Any CPU.Build.0 = Release|Any CPU
		{662507B7-6A70-4797-84ED-82DB5819E9C7}.Debug|Any CPU.ActiveCfg = Debug|Any CPU
		{662507B7-6A70-4797-84ED-82DB5819E9C7}.Debug|Any CPU.Build.0 = Debug|Any CPU
		{662507B7-6A70-4797-84ED-82DB5819E9C7}.Release|Any CPU.ActiveCfg = Release|Any CPU
		{662507B7-6A70-4797-84ED-82DB5819E9C7}.Release|Any CPU.Build.0 = Release|Any CPU
	EndGlobalSection
	GlobalSection(NestedProjects) = preSolution
		{CE762AE2-B9B9-4ED9-99F7-B9BDAE59583B} = {1C79C98D-5E03-432C-B326-1A1BD8C7EB7E}
		{12C26DF6-D281-4E16-8E83-3D5D200CACB5} = {CE762AE2-B9B9-4ED9-99F7-B9BDAE59583B}
		{307A98F6-268F-48CA-A92F-490C403A71CC} = {1C79C98D-5E03-432C-B326-1A1BD8C7EB7E}
		{A04476C3-15EA-40F5-BA15-8C0943DCBF26} = {307A98F6-268F-48CA-A92F-490C403A71CC}
		{E5546D37-114D-4304-B4D6-1B1C089E76AD} = {307A98F6-268F-48CA-A92F-490C403A71CC}
		{3E8094C6-C604-4AF0-8EDD-201F3260D3D4} = {307A98F6-268F-48CA-A92F-490C403A71CC}
		{662507B7-6A70-4797-84ED-82DB5819E9C7} = {307A98F6-268F-48CA-A92F-490C403A71CC}
	EndGlobalSection
EndGlobal
