
Microsoft Visual Studio Solution File, Format Version 12.00
# Visual Studio Version 17
VisualStudioVersion = 17.0.31903.59
MinimumVisualStudioVersion = 10.0.40219.1
Project("{2150E333-8FDC-42A3-9474-1A3956D46DE8}") = "src", "src", "{50590583-88C7-4E7E-A188-716ADE949A7D}"
EndProject
Project("{2150E333-8FDC-42A3-9474-1A3956D46DE8}") = "Services", "Services", "{697AF478-5E1E-4C33-BDE2-A4729139AEF1}"
EndProject
Project("{2150E333-8FDC-42A3-9474-1A3956D46DE8}") = "Catalog", "Catalog", "{2A6CDEE6-9447-49F0-907A-F5FBC6A5B82D}"
EndProject
Project("{FAE04EC0-301F-11D3-BF4B-00C04F79EFBC}") = "Catalog.API", "src\Services\Catalog\Catalog.API\Catalog.API.csproj", "{9F62E1C5-ADDC-4812-928A-0062C222FC15}"
EndProject
Project("{2150E333-8FDC-42A3-9474-1A3956D46DE8}") = "Orders", "Orders", "{68E231D2-E415-4B39-BCD9-8E782E305A35}"
EndProject
Project("{FAE04EC0-301F-11D3-BF4B-00C04F79EFBC}") = "Orders.API", "src\Services\Orders\Orders.API\Orders.API.csproj", "{D79F2066-F6EC-4E9B-AB4E-2146CF0641BD}"
EndProject
Project("{2150E333-8FDC-42A3-9474-1A3956D46DE8}") = "Basket", "Basket", "{15124086-CEF1-465F-ABE8-A327A67E3457}"
EndProject
Project("{FAE04EC0-301F-11D3-BF4B-00C04F79EFBC}") = "Basket.API", "src\Services\Basket\Basket.API\Basket.API.csproj", "{E9F11F3C-EB18-4EDC-A471-4C5058B5AC55}"
EndProject
Project("{2150E333-8FDC-42A3-9474-1A3956D46DE8}") = "Payment", "Payment", "{692B06EF-AA53-435A-AD1F-C2EF7D2B1CD0}"
EndProject
Project("{FAE04EC0-301F-11D3-BF4B-00C04F79EFBC}") = "Payment.API", "src\Services\Payment\Payment.API\Payment.API.csproj", "{B51AF906-C33A-4F75-AC05-EA41267464CA}"
EndProject
Project("{2150E333-8FDC-42A3-9474-1A3956D46DE8}") = "Search", "Search", "{CD4E8059-1CEB-4FBA-84F4-F916382B9ED8}"
EndProject
Project("{FAE04EC0-301F-11D3-BF4B-00C04F79EFBC}") = "Search.API", "src\Services\Search\Search.API\Search.API.csproj", "{E931C771-14DD-4286-9ED8-C1AE70E17DC0}"
EndProject
Project("{2150E333-8FDC-42A3-9474-1A3956D46DE8}") = "Notification", "Notification", "{D70A8B1B-AA6D-47AF-9DC0-8217C69EC156}"
EndProject
Project("{FAE04EC0-301F-11D3-BF4B-00C04F79EFBC}") = "Notification.API", "src\Services\Notification\Notification.API\Notification.API.csproj", "{CCE2022D-E232-40CD-A35F-877110FCC6E4}"
EndProject
Project("{2150E333-8FDC-42A3-9474-1A3956D46DE8}") = "Gateway", "Gateway", "{F20D3319-5B9B-47D0-8336-F3B15C940D7A}"
EndProject
Project("{FAE04EC0-301F-11D3-BF4B-00C04F79EFBC}") = "ApiGateway", "src\Gateway\ApiGateway\ApiGateway.csproj", "{5489010C-09B2-425D-8F77-4650C88BAC63}"
EndProject
Project("{2150E333-8FDC-42A3-9474-1A3956D46DE8}") = "Identity", "Identity", "{24707813-042F-4F7D-988F-7D08AD315788}"
EndProject
Project("{FAE04EC0-301F-11D3-BF4B-00C04F79EFBC}") = "IdentityServer", "src\Identity\IdentityServer\IdentityServer.csproj", "{1BD9D89B-30B4-4E19-AFE6-D7AF12A936CB}"
EndProject
Project("{FAE04EC0-301F-11D3-BF4B-00C04F79EFBC}") = "Catalog.Domain", "src\Services\Catalog\Catalog.Domain\Catalog.Domain.csproj", "{90AB3CA8-4C7D-439E-AE4E-83EE8CFA13E8}"
EndProject
Project("{FAE04EC0-301F-11D3-BF4B-00C04F79EFBC}") = "Catalog.Application", "src\Services\Catalog\Catalog.Application\Catalog.Application.csproj", "{A2A082F1-159D-4336-A75D-A20C4BDF2134}"
EndProject
Project("{FAE04EC0-301F-11D3-BF4B-00C04F79EFBC}") = "Catalog.Infrastructure", "src\Services\Catalog\Catalog.Infrastructure\Catalog.Infrastructure.csproj", "{711308C1-048B-415F-A0F9-42B799AF810E}"
EndProject
Project("{FAE04EC0-301F-11D3-BF4B-00C04F79EFBC}") = "Catalog.Persistence", "src\Services\Catalog\Catalog.Persistence\Catalog.Persistence.csproj", "{FE311EB1-509E-4D89-8DA8-4EC32EEAF5F3}"
EndProject
Project("{2150E333-8FDC-42A3-9474-1A3956D46DE8}") = "docker", "docker", "{DB6E6AF1-3E18-4960-81A2-0005694D81EF}"
EndProject
Project("{2150E333-8FDC-42A3-9474-1A3956D46DE8}") = "k8s", "k8s", "{95B768C8-7C74-48E7-90EA-85492BC68617}"
EndProject
Global
	GlobalSection(SolutionConfigurationPlatforms) = preSolution
		Debug|Any CPU = Debug|Any CPU
		Release|Any CPU = Release|Any CPU
	EndGlobalSection
	GlobalSection(ProjectConfigurationPlatforms) = postSolution
		{9F62E1C5-ADDC-4812-928A-0062C222FC15}.Debug|Any CPU.ActiveCfg = Debug|Any CPU
		{9F62E1C5-ADDC-4812-928A-0062C222FC15}.Debug|Any CPU.Build.0 = Debug|Any CPU
		{9F62E1C5-ADDC-4812-928A-0062C222FC15}.Release|Any CPU.ActiveCfg = Release|Any CPU
		{9F62E1C5-ADDC-4812-928A-0062C222FC15}.Release|Any CPU.Build.0 = Release|Any CPU
		{D79F2066-F6EC-4E9B-AB4E-2146CF0641BD}.Debug|Any CPU.ActiveCfg = Debug|Any CPU
		{D79F2066-F6EC-4E9B-AB4E-2146CF0641BD}.Debug|Any CPU.Build.0 = Debug|Any CPU
		{D79F2066-F6EC-4E9B-AB4E-2146CF0641BD}.Release|Any CPU.ActiveCfg = Release|Any CPU
		{D79F2066-F6EC-4E9B-AB4E-2146CF0641BD}.Release|Any CPU.Build.0 = Release|Any CPU
		{E9F11F3C-EB18-4EDC-A471-4C5058B5AC55}.Debug|Any CPU.ActiveCfg = Debug|Any CPU
		{E9F11F3C-EB18-4EDC-A471-4C5058B5AC55}.Debug|Any CPU.Build.0 = Debug|Any CPU
		{E9F11F3C-EB18-4EDC-A471-4C5058B5AC55}.Release|Any CPU.ActiveCfg = Release|Any CPU
		{E9F11F3C-EB18-4EDC-A471-4C5058B5AC55}.Release|Any CPU.Build.0 = Release|Any CPU
		{B51AF906-C33A-4F75-AC05-EA41267464CA}.Debug|Any CPU.ActiveCfg = Debug|Any CPU
		{B51AF906-C33A-4F75-AC05-EA41267464CA}.Debug|Any CPU.Build.0 = Debug|Any CPU
		{B51AF906-C33A-4F75-AC05-EA41267464CA}.Release|Any CPU.ActiveCfg = Release|Any CPU
		{B51AF906-C33A-4F75-AC05-EA41267464CA}.Release|Any CPU.Build.0 = Release|Any CPU
		{E931C771-14DD-4286-9ED8-C1AE70E17DC0}.Debug|Any CPU.ActiveCfg = Debug|Any CPU
		{E931C771-14DD-4286-9ED8-C1AE70E17DC0}.Debug|Any CPU.Build.0 = Debug|Any CPU
		{E931C771-14DD-4286-9ED8-C1AE70E17DC0}.Release|Any CPU.ActiveCfg = Release|Any CPU
		{E931C771-14DD-4286-9ED8-C1AE70E17DC0}.Release|Any CPU.Build.0 = Release|Any CPU
		{CCE2022D-E232-40CD-A35F-877110FCC6E4}.Debug|Any CPU.ActiveCfg = Debug|Any CPU
		{CCE2022D-E232-40CD-A35F-877110FCC6E4}.Debug|Any CPU.Build.0 = Debug|Any CPU
		{CCE2022D-E232-40CD-A35F-877110FCC6E4}.Release|Any CPU.ActiveCfg = Release|Any CPU
		{CCE2022D-E232-40CD-A35F-877110FCC6E4}.Release|Any CPU.Build.0 = Release|Any CPU
		{5489010C-09B2-425D-8F77-4650C88BAC63}.Debug|Any CPU.ActiveCfg = Debug|Any CPU
		{5489010C-09B2-425D-8F77-4650C88BAC63}.Debug|Any CPU.Build.0 = Debug|Any CPU
		{5489010C-09B2-425D-8F77-4650C88BAC63}.Release|Any CPU.ActiveCfg = Release|Any CPU
		{5489010C-09B2-425D-8F77-4650C88BAC63}.Release|Any CPU.Build.0 = Release|Any CPU
		{1BD9D89B-30B4-4E19-AFE6-D7AF12A936CB}.Debug|Any CPU.ActiveCfg = Debug|Any CPU
		{1BD9D89B-30B4-4E19-AFE6-D7AF12A936CB}.Debug|Any CPU.Build.0 = Debug|Any CPU
		{1BD9D89B-30B4-4E19-AFE6-D7AF12A936CB}.Release|Any CPU.ActiveCfg = Release|Any CPU
		{1BD9D89B-30B4-4E19-AFE6-D7AF12A936CB}.Release|Any CPU.Build.0 = Release|Any CPU
		{90AB3CA8-4C7D-439E-AE4E-83EE8CFA13E8}.Debug|Any CPU.ActiveCfg = Debug|Any CPU
		{90AB3CA8-4C7D-439E-AE4E-83EE8CFA13E8}.Debug|Any CPU.Build.0 = Debug|Any CPU
		{90AB3CA8-4C7D-439E-AE4E-83EE8CFA13E8}.Release|Any CPU.ActiveCfg = Release|Any CPU
		{90AB3CA8-4C7D-439E-AE4E-83EE8CFA13E8}.Release|Any CPU.Build.0 = Release|Any CPU
		{A2A082F1-159D-4336-A75D-A20C4BDF2134}.Debug|Any CPU.ActiveCfg = Debug|Any CPU
		{A2A082F1-159D-4336-A75D-A20C4BDF2134}.Debug|Any CPU.Build.0 = Debug|Any CPU
		{A2A082F1-159D-4336-A75D-A20C4BDF2134}.Release|Any CPU.ActiveCfg = Release|Any CPU
		{A2A082F1-159D-4336-A75D-A20C4BDF2134}.Release|Any CPU.Build.0 = Release|Any CPU
		{711308C1-048B-415F-A0F9-42B799AF810E}.Debug|Any CPU.ActiveCfg = Debug|Any CPU
		{711308C1-048B-415F-A0F9-42B799AF810E}.Debug|Any CPU.Build.0 = Debug|Any CPU
		{711308C1-048B-415F-A0F9-42B799AF810E}.Release|Any CPU.ActiveCfg = Release|Any CPU
		{711308C1-048B-415F-A0F9-42B799AF810E}.Release|Any CPU.Build.0 = Release|Any CPU
		{FE311EB1-509E-4D89-8DA8-4EC32EEAF5F3}.Debug|Any CPU.ActiveCfg = Debug|Any CPU
		{FE311EB1-509E-4D89-8DA8-4EC32EEAF5F3}.Debug|Any CPU.Build.0 = Debug|Any CPU
		{FE311EB1-509E-4D89-8DA8-4EC32EEAF5F3}.Release|Any CPU.ActiveCfg = Release|Any CPU
		{FE311EB1-509E-4D89-8DA8-4EC32EEAF5F3}.Release|Any CPU.Build.0 = Release|Any CPU
	EndGlobalSection
	GlobalSection(SolutionProperties) = preSolution
		HideSolutionNode = FALSE
	EndGlobalSection
	GlobalSection(NestedProjects) = preSolution
		{697AF478-5E1E-4C33-BDE2-A4729139AEF1} = {50590583-88C7-4E7E-A188-716ADE949A7D}
		{2A6CDEE6-9447-49F0-907A-F5FBC6A5B82D} = {697AF478-5E1E-4C33-BDE2-A4729139AEF1}
		{9F62E1C5-ADDC-4812-928A-0062C222FC15} = {2A6CDEE6-9447-49F0-907A-F5FBC6A5B82D}
		{68E231D2-E415-4B39-BCD9-8E782E305A35} = {697AF478-5E1E-4C33-BDE2-A4729139AEF1}
		{D79F2066-F6EC-4E9B-AB4E-2146CF0641BD} = {68E231D2-E415-4B39-BCD9-8E782E305A35}
		{15124086-CEF1-465F-ABE8-A327A67E3457} = {697AF478-5E1E-4C33-BDE2-A4729139AEF1}
		{E9F11F3C-EB18-4EDC-A471-4C5058B5AC55} = {15124086-CEF1-465F-ABE8-A327A67E3457}
		{692B06EF-AA53-435A-AD1F-C2EF7D2B1CD0} = {697AF478-5E1E-4C33-BDE2-A4729139AEF1}
		{B51AF906-C33A-4F75-AC05-EA41267464CA} = {692B06EF-AA53-435A-AD1F-C2EF7D2B1CD0}
		{CD4E8059-1CEB-4FBA-84F4-F916382B9ED8} = {697AF478-5E1E-4C33-BDE2-A4729139AEF1}
		{E931C771-14DD-4286-9ED8-C1AE70E17DC0} = {CD4E8059-1CEB-4FBA-84F4-F916382B9ED8}
		{D70A8B1B-AA6D-47AF-9DC0-8217C69EC156} = {697AF478-5E1E-4C33-BDE2-A4729139AEF1}
		{CCE2022D-E232-40CD-A35F-877110FCC6E4} = {D70A8B1B-AA6D-47AF-9DC0-8217C69EC156}
		{F20D3319-5B9B-47D0-8336-F3B15C940D7A} = {50590583-88C7-4E7E-A188-716ADE949A7D}
		{5489010C-09B2-425D-8F77-4650C88BAC63} = {F20D3319-5B9B-47D0-8336-F3B15C940D7A}
		{24707813-042F-4F7D-988F-7D08AD315788} = {50590583-88C7-4E7E-A188-716ADE949A7D}
		{1BD9D89B-30B4-4E19-AFE6-D7AF12A936CB} = {24707813-042F-4F7D-988F-7D08AD315788}
		{90AB3CA8-4C7D-439E-AE4E-83EE8CFA13E8} = {2A6CDEE6-9447-49F0-907A-F5FBC6A5B82D}
		{A2A082F1-159D-4336-A75D-A20C4BDF2134} = {2A6CDEE6-9447-49F0-907A-F5FBC6A5B82D}
		{711308C1-048B-415F-A0F9-42B799AF810E} = {2A6CDEE6-9447-49F0-907A-F5FBC6A5B82D}
		{FE311EB1-509E-4D89-8DA8-4EC32EEAF5F3} = {2A6CDEE6-9447-49F0-907A-F5FBC6A5B82D}
	EndGlobalSection
EndGlobal
